
Microsoft Visual Studio Solution File, Format Version 12.00
# Visual Studio Version 17
VisualStudioVersion = 17.6.33815.320
MinimumVisualStudioVersion = 10.0.40219.1
Project("{FAE04EC0-301F-11D3-BF4B-00C04F79EFBC}") = "WindowsFormsApp41", "WindowsFormsApp41\WindowsFormsApp41.csproj", "{231ED759-5013-4958-BFF5-63C7E24E2535}"
EndProject
Project("{FAE04EC0-301F-11D3-BF4B-00C04F79EFBC}") = "WindowsFormsApp1", "WindowsFormsApp1\WindowsFormsApp1.csproj", "{16A73E02-E3DE-44C1-BD15-BCC385ED0C84}"
EndProject
Global
	GlobalSection(SolutionConfigurationPlatforms) = preSolution
		Debug|Any CPU = Debug|Any CPU
		Release|Any CPU = Release|Any CPU
	EndGlobalSection
	GlobalSection(ProjectConfigurationPlatforms) = postSolution
		{231ED759-5013-4958-BFF5-63C7E24E2535}.Debug|Any CPU.ActiveCfg = Debug|Any CPU
		{231ED759-5013-4958-BFF5-63C7E24E2535}.Debug|Any CPU.Build.0 = Debug|Any CPU
		{231ED759-5013-4958-BFF5-63C7E24E2535}.Release|Any CPU.ActiveCfg = Release|Any CPU
		{231ED759-5013-4958-BFF5-63C7E24E2535}.Release|Any CPU.Build.0 = Release|Any CPU
		{16A73E02-E3DE-44C1-BD15-BCC385ED0C84}.Debug|Any CPU.ActiveCfg = Debug|Any CPU
		{16A73E02-E3DE-44C1-BD15-BCC385ED0C84}.Debug|Any CPU.Build.0 = Debug|Any CPU
		{16A73E02-E3DE-44C1-BD15-BCC385ED0C84}.Release|Any CPU.ActiveCfg = Release|Any CPU
		{16A73E02-E3DE-44C1-BD15-BCC385ED0C84}.Release|Any CPU.Build.0 = Release|Any CPU
	EndGlobalSection
	GlobalSection(SolutionProperties) = preSolution
		HideSolutionNode = FALSE
	EndGlobalSection
	GlobalSection(ExtensibilityGlobals) = postSolution
		SolutionGuid = {766141E8-6B2F-4C1F-A0DD-F92FF8A799D6}
	EndGlobalSection
EndGlobal
